// !$*UTF8*$!
{
	archiveVersion = 1;
	classes = {
	};
	objectVersion = 46;
	objects = {

/* Begin PBXBuildFile section */
		0394D71B1943AF5800B823CE /* AppDelegate.swift in Sources */ = {isa = PBXBuildFile; fileRef = 0394D71A1943AF5800B823CE /* AppDelegate.swift */; };
		0394D71D1943AF5800B823CE /* Images.xcassets in Resources */ = {isa = PBXBuildFile; fileRef = 0394D71C1943AF5800B823CE /* Images.xcassets */; };
		0394D7291943AF5800B823CE /* MenuReaderTests.swift in Sources */ = {isa = PBXBuildFile; fileRef = 0394D7281943AF5800B823CE /* MenuReaderTests.swift */; };
/* End PBXBuildFile section */

/* Begin PBXContainerItemProxy section */
		0394D7231943AF5800B823CE /* PBXContainerItemProxy */ = {
			isa = PBXContainerItemProxy;
			containerPortal = 0394D70D1943AF5800B823CE /* Project object */;
			proxyType = 1;
			remoteGlobalIDString = 0394D7141943AF5800B823CE;
			remoteInfo = MenuReader;
		};
/* End PBXContainerItemProxy section */

/* Begin PBXFileReference section */
		0394D7151943AF5800B823CE /* MenuReader.app */ = {isa = PBXFileReference; explicitFileType = wrapper.application; includeInIndex = 0; path = MenuReader.app; sourceTree = BUILT_PRODUCTS_DIR; };
		0394D7191943AF5800B823CE /* Info.plist */ = {isa = PBXFileReference; lastKnownFileType = text.plist.xml; path = Info.plist; sourceTree = "<group>"; };
		0394D71A1943AF5800B823CE /* AppDelegate.swift */ = {isa = PBXFileReference; lastKnownFileType = sourcecode.swift; path = AppDelegate.swift; sourceTree = "<group>"; };
		0394D71C1943AF5800B823CE /* Images.xcassets */ = {isa = PBXFileReference; lastKnownFileType = folder.assetcatalog; path = Images.xcassets; sourceTree = "<group>"; };
		0394D7221943AF5800B823CE /* MenuReaderTests.xctest */ = {isa = PBXFileReference; explicitFileType = wrapper.cfbundle; includeInIndex = 0; path = MenuReaderTests.xctest; sourceTree = BUILT_PRODUCTS_DIR; };
		0394D7271943AF5800B823CE /* Info.plist */ = {isa = PBXFileReference; lastKnownFileType = text.plist.xml; path = Info.plist; sourceTree = "<group>"; };
		0394D7281943AF5800B823CE /* MenuReaderTests.swift */ = {isa = PBXFileReference; lastKnownFileType = sourcecode.swift; path = MenuReaderTests.swift; sourceTree = "<group>"; };
/* End PBXFileReference section */

/* Begin PBXFrameworksBuildPhase section */
		0394D7121943AF5800B823CE /* Frameworks */ = {
			isa = PBXFrameworksBuildPhase;
			buildActionMask = 2147483647;
			files = (
			);
			runOnlyForDeploymentPostprocessing = 0;
		};
		0394D71F1943AF5800B823CE /* Frameworks */ = {
			isa = PBXFrameworksBuildPhase;
			buildActionMask = 2147483647;
			files = (
			);
			runOnlyForDeploymentPostprocessing = 0;
		};
/* End PBXFrameworksBuildPhase section */

/* Begin PBXGroup section */
		0394D70C1943AF5800B823CE = {
			isa = PBXGroup;
			children = (
				0394D7171943AF5800B823CE /* MenuReader */,
				0394D7251943AF5800B823CE /* MenuReaderTests */,
				0394D7161943AF5800B823CE /* Products */,
			);
			sourceTree = "<group>";
		};
		0394D7161943AF5800B823CE /* Products */ = {
			isa = PBXGroup;
			children = (
				0394D7151943AF5800B823CE /* MenuReader.app */,
				0394D7221943AF5800B823CE /* MenuReaderTests.xctest */,
			);
			name = Products;
			sourceTree = "<group>";
		};
		0394D7171943AF5800B823CE /* MenuReader */ = {
			isa = PBXGroup;
			children = (
				0394D71A1943AF5800B823CE /* AppDelegate.swift */,
				0394D71C1943AF5800B823CE /* Images.xcassets */,
				0394D7181943AF5800B823CE /* Supporting Files */,
			);
			path = MenuReader;
			sourceTree = "<group>";
		};
		0394D7181943AF5800B823CE /* Supporting Files */ = {
			isa = PBXGroup;
			children = (
				0394D7191943AF5800B823CE /* Info.plist */,
			);
			name = "Supporting Files";
			sourceTree = "<group>";
		};
		0394D7251943AF5800B823CE /* MenuReaderTests */ = {
			isa = PBXGroup;
			children = (
				0394D7281943AF5800B823CE /* MenuReaderTests.swift */,
				0394D7261943AF5800B823CE /* Supporting Files */,
			);
			path = MenuReaderTests;
			sourceTree = "<group>";
		};
		0394D7261943AF5800B823CE /* Supporting Files */ = {
			isa = PBXGroup;
			children = (
				0394D7271943AF5800B823CE /* Info.plist */,
			);
			name = "Supporting Files";
			sourceTree = "<group>";
		};
/* End PBXGroup section */

/* Begin PBXNativeTarget section */
		0394D7141943AF5800B823CE /* MenuReader */ = {
			isa = PBXNativeTarget;
			buildConfigurationList = 0394D72C1943AF5800B823CE /* Build configuration list for PBXNativeTarget "MenuReader" */;
			buildPhases = (
				0394D7111943AF5800B823CE /* Sources */,
				0394D7121943AF5800B823CE /* Frameworks */,
				0394D7131943AF5800B823CE /* Resources */,
			);
			buildRules = (
			);
			dependencies = (
			);
			name = MenuReader;
			productName = MenuReader;
			productReference = 0394D7151943AF5800B823CE /* MenuReader.app */;
			productType = "com.apple.product-type.application";
		};
		0394D7211943AF5800B823CE /* MenuReaderTests */ = {
			isa = PBXNativeTarget;
			buildConfigurationList = 0394D72F1943AF5800B823CE /* Build configuration list for PBXNativeTarget "MenuReaderTests" */;
			buildPhases = (
				0394D71E1943AF5800B823CE /* Sources */,
				0394D71F1943AF5800B823CE /* Frameworks */,
				0394D7201943AF5800B823CE /* Resources */,
			);
			buildRules = (
			);
			dependencies = (
				0394D7241943AF5800B823CE /* PBXTargetDependency */,
			);
			name = MenuReaderTests;
			productName = MenuReaderTests;
			productReference = 0394D7221943AF5800B823CE /* MenuReaderTests.xctest */;
			productType = "com.apple.product-type.bundle.unit-test";
		};
/* End PBXNativeTarget section */

/* Begin PBXProject section */
		0394D70D1943AF5800B823CE /* Project object */ = {
			isa = PBXProject;
			attributes = {
				LastUpgradeCheck = 0600;
				ORGANIZATIONNAME = "devrim yasar";
				TargetAttributes = {
					0394D7141943AF5800B823CE = {
						CreatedOnToolsVersion = 6.0;
					};
					0394D7211943AF5800B823CE = {
						CreatedOnToolsVersion = 6.0;
						TestTargetID = 0394D7141943AF5800B823CE;
					};
				};
			};
			buildConfigurationList = 0394D7101943AF5800B823CE /* Build configuration list for PBXProject "MenuReader" */;
			compatibilityVersion = "Xcode 3.2";
			developmentRegion = English;
			hasScannedForEncodings = 0;
			knownRegions = (
				en,
			);
			mainGroup = 0394D70C1943AF5800B823CE;
			productRefGroup = 0394D7161943AF5800B823CE /* Products */;
			projectDirPath = "";
			projectRoot = "";
			targets = (
				0394D7141943AF5800B823CE /* MenuReader */,
				0394D7211943AF5800B823CE /* MenuReaderTests */,
			);
		};
/* End PBXProject section */

/* Begin PBXResourcesBuildPhase section */
		0394D7131943AF5800B823CE /* Resources */ = {
			isa = PBXResourcesBuildPhase;
			buildActionMask = 2147483647;
			files = (
				0394D71D1943AF5800B823CE /* Images.xcassets in Resources */,
			);
			runOnlyForDeploymentPostprocessing = 0;
		};
		0394D7201943AF5800B823CE /* Resources */ = {
			isa = PBXResourcesBuildPhase;
			buildActionMask = 2147483647;
			files = (
			);
			runOnlyForDeploymentPostprocessing = 0;
		};
/* End PBXResourcesBuildPhase section */

/* Begin PBXSourcesBuildPhase section */
		0394D7111943AF5800B823CE /* Sources */ = {
			isa = PBXSourcesBuildPhase;
			buildActionMask = 2147483647;
			files = (
				0394D71B1943AF5800B823CE /* AppDelegate.swift in Sources */,
			);
			runOnlyForDeploymentPostprocessing = 0;
		};
		0394D71E1943AF5800B823CE /* Sources */ = {
			isa = PBXSourcesBuildPhase;
			buildActionMask = 2147483647;
			files = (
				0394D7291943AF5800B823CE /* MenuReaderTests.swift in Sources */,
			);
			runOnlyForDeploymentPostprocessing = 0;
		};
/* End PBXSourcesBuildPhase section */

/* Begin PBXTargetDependency section */
		0394D7241943AF5800B823CE /* PBXTargetDependency */ = {
			isa = PBXTargetDependency;
			target = 0394D7141943AF5800B823CE /* MenuReader */;
			targetProxy = 0394D7231943AF5800B823CE /* PBXContainerItemProxy */;
		};
/* End PBXTargetDependency section */

/* Begin XCBuildConfiguration section */
		0394D72A1943AF5800B823CE /* Debug */ = {
			isa = XCBuildConfiguration;
			buildSettings = {
				ALWAYS_SEARCH_USER_PATHS = NO;
				CLANG_CXX_LANGUAGE_STANDARD = "gnu++0x";
				CLANG_CXX_LIBRARY = "libc++";
				CLANG_ENABLE_MODULES = YES;
				CLANG_ENABLE_OBJC_ARC = YES;
				CLANG_WARN_BOOL_CONVERSION = YES;
				CLANG_WARN_CONSTANT_CONVERSION = YES;
				CLANG_WARN_DIRECT_OBJC_ISA_USAGE = YES_ERROR;
				CLANG_WARN_EMPTY_BODY = YES;
				CLANG_WARN_ENUM_CONVERSION = YES;
				CLANG_WARN_INT_CONVERSION = YES;
				CLANG_WARN_OBJC_ROOT_CLASS = YES_ERROR;
				CLANG_WARN_UNREACHABLE_CODE = YES;
				CLANG_WARN__DUPLICATE_METHOD_MATCH = YES;
				"CODE_SIGN_IDENTITY[sdk=iphoneos*]" = "iPhone Developer";
				COPY_PHASE_STRIP = NO;
				ENABLE_STRICT_OBJC_MSGSEND = YES;
				GCC_C_LANGUAGE_STANDARD = gnu99;
				GCC_DYNAMIC_NO_PIC = NO;
				GCC_OPTIMIZATION_LEVEL = 0;
				GCC_PREPROCESSOR_DEFINITIONS = (
					"DEBUG=1",
					"$(inherited)",
				);
				GCC_SYMBOLS_PRIVATE_EXTERN = NO;
				GCC_WARN_64_TO_32_BIT_CONVERSION = YES;
				GCC_WARN_ABOUT_RETURN_TYPE = YES_ERROR;
				GCC_WARN_UNDECLARED_SELECTOR = YES;
				GCC_WARN_UNINITIALIZED_AUTOS = YES_AGGRESSIVE;
				GCC_WARN_UNUSED_FUNCTION = YES;
				GCC_WARN_UNUSED_VARIABLE = YES;
				IPHONEOS_DEPLOYMENT_TARGET = 8.0;
				METAL_ENABLE_DEBUG_INFO = YES;
				ONLY_ACTIVE_ARCH = YES;
				SDKROOT = iphoneos;
				SWIFT_OPTIMIZATION_LEVEL = "-Onone";
				TARGETED_DEVICE_FAMILY = "1,2";
			};
			name = Debug;
		};
		0394D72B1943AF5800B823CE /* Release */ = {
			isa = XCBuildConfiguration;
			buildSettings = {
				ALWAYS_SEARCH_USER_PATHS = NO;
				CLANG_CXX_LANGUAGE_STANDARD = "gnu++0x";
				CLANG_CXX_LIBRARY = "libc++";
				CLANG_ENABLE_MODULES = YES;
				CLANG_ENABLE_OBJC_ARC = YES;
				CLANG_WARN_BOOL_CONVERSION = YES;
				CLANG_WARN_CONSTANT_CONVERSION = YES;
				CLANG_WARN_DIRECT_OBJC_ISA_USAGE = YES_ERROR;
				CLANG_WARN_EMPTY_BODY = YES;
				CLANG_WARN_ENUM_CONVERSION = YES;
				CLANG_WARN_INT_CONVERSION = YES;
				CLANG_WARN_OBJC_ROOT_CLASS = YES_ERROR;
				CLANG_WARN_UNREACHABLE_CODE = YES;
				CLANG_WARN__DUPLICATE_METHOD_MATCH = YES;
				"CODE_SIGN_IDENTITY[sdk=iphoneos*]" = "iPhone Developer";
				COPY_PHASE_STRIP = YES;
				ENABLE_NS_ASSERTIONS = NO;
				ENABLE_STRICT_OBJC_MSGSEND = YES;
				GCC_C_LANGUAGE_STANDARD = gnu99;
				GCC_WARN_64_TO_32_BIT_CONVERSION = YES;
				GCC_WARN_ABOUT_RETURN_TYPE = YES_ERROR;
				GCC_WARN_UNDECLARED_SELECTOR = YES;
				GCC_WARN_UNINITIALIZED_AUTOS = YES_AGGRESSIVE;
				GCC_WARN_UNUSED_FUNCTION = YES;
				GCC_WARN_UNUSED_VARIABLE = YES;
				IPHONEOS_DEPLOYMENT_TARGET = 8.0;
				METAL_ENABLE_DEBUG_INFO = NO;
				SDKROOT = iphoneos;
				TARGETED_DEVICE_FAMILY = "1,2";
				VALIDATE_PRODUCT = YES;
			};
			name = Release;
		};
		0394D72D1943AF5800B823CE /* Debug */ = {
			isa = XCBuildConfiguration;
			buildSettings = {
				ASSETCATALOG_COMPILER_APPICON_NAME = AppIcon;
				ASSETCATALOG_COMPILER_LAUNCHIMAGE_NAME = LaunchImage;
				INFOPLIST_FILE = MenuReader/Info.plist;
				LD_RUNPATH_SEARCH_PATHS = "$(inherited) @executable_path/Frameworks";
				PRODUCT_NAME = "$(TARGET_NAME)";
			};
			name = Debug;
		};
		0394D72E1943AF5800B823CE /* Release */ = {
			isa = XCBuildConfiguration;
			buildSettings = {
				ASSETCATALOG_COMPILER_APPICON_NAME = AppIcon;
				ASSETCATALOG_COMPILER_LAUNCHIMAGE_NAME = LaunchImage;
				INFOPLIST_FILE = MenuReader/Info.plist;
				LD_RUNPATH_SEARCH_PATHS = "$(inherited) @executable_path/Frameworks";
				PRODUCT_NAME = "$(TARGET_NAME)";
			};
			name = Release;
		};
		0394D7301943AF5800B823CE /* Debug */ = {
			isa = XCBuildConfiguration;
			buildSettings = {
				BUNDLE_LOADER = "$(BUILT_PRODUCTS_DIR)/MenuReader.app/MenuReader";
				FRAMEWORK_SEARCH_PATHS = (
					"$(SDKROOT)/Developer/Library/Frameworks",
					"$(inherited)",
				);
				GCC_PREPROCESSOR_DEFINITIONS = (
					"DEBUG=1",
					"$(inherited)",
				);
				INFOPLIST_FILE = MenuReaderTests/Info.plist;
				LD_RUNPATH_SEARCH_PATHS = "$(inherited) @executable_path/Frameworks @loader_path/Frameworks";
				METAL_ENABLE_DEBUG_INFO = YES;
				PRODUCT_NAME = "$(TARGET_NAME)";
				TEST_HOST = "$(BUNDLE_LOADER)";
			};
			name = Debug;
		};
		0394D7311943AF5800B823CE /* Release */ = {
			isa = XCBuildConfiguration;
			buildSettings = {
				BUNDLE_LOADER = "$(BUILT_PRODUCTS_DIR)/MenuReader.app/MenuReader";
				FRAMEWORK_SEARCH_PATHS = (
					"$(SDKROOT)/Developer/Library/Frameworks",
					"$(inherited)",
				);
				INFOPLIST_FILE = MenuReaderTests/Info.plist;
				LD_RUNPATH_SEARCH_PATHS = "$(inherited) @executable_path/Frameworks @loader_path/Frameworks";
				METAL_ENABLE_DEBUG_INFO = NO;
				PRODUCT_NAME = "$(TARGET_NAME)";
				TEST_HOST = "$(BUNDLE_LOADER)";
			};
			name = Release;
		};
/* End XCBuildConfiguration section */

/* Begin XCConfigurationList section */
		0394D7101943AF5800B823CE /* Build configuration list for PBXProject "MenuReader" */ = {
			isa = XCConfigurationList;
			buildConfigurations = (
				0394D72A1943AF5800B823CE /* Debug */,
				0394D72B1943AF5800B823CE /* Release */,
			);
			defaultConfigurationIsVisible = 0;
			defaultConfigurationName = Release;
		};
		0394D72C1943AF5800B823CE /* Build configuration list for PBXNativeTarget "MenuReader" */ = {
			isa = XCConfigurationList;
			buildConfigurations = (
				0394D72D1943AF5800B823CE /* Debug */,
				0394D72E1943AF5800B823CE /* Release */,
			);
			defaultConfigurationIsVisible = 0;
		};
		0394D72F1943AF5800B823CE /* Build configuration list for PBXNativeTarget "MenuReaderTests" */ = {
			isa = XCConfigurationList;
			buildConfigurations = (
				0394D7301943AF5800B823CE /* Debug */,
				0394D7311943AF5800B823CE /* Release */,
			);
			defaultConfigurationIsVisible = 0;
		};
/* End XCConfigurationList section */
	};
	rootObject = 0394D70D1943AF5800B823CE /* Project object */;
}
